Microsoft Visual Studio Solution File, Format Version 12.00
# Visual Studio Version 17
VisualStudioVersion = 17.5.2.0
MinimumVisualStudioVersion = 10.0.40219.1
Project("{FAE04EC0-301F-11D3-BF4B-00C04F79EFBC}") = "BookSystemApi", "BookSystemApi.csproj", "{99FEEA20-C93B-0972-A8F0-7A9F0EE7B152}"
EndProject
Global
	GlobalSection(SolutionConfigurationPlatforms) = preSolution
		Debug|Any CPU = Debug|Any CPU
		Release|Any CPU = Release|Any CPU
	EndGlobalSection
	GlobalSection(ProjectConfigurationPlatforms) = postSolution
		{99FEEA20-C93B-0972-A8F0-7A9F0EE7B152}.Debug|Any CPU.ActiveCfg = Debug|Any CPU
		{99FEEA20-C93B-0972-A8F0-7A9F0EE7B152}.Debug|Any CPU.Build.0 = Debug|Any CPU
		{99FEEA20-C93B-0972-A8F0-7A9F0EE7B152}.Release|Any CPU.ActiveCfg = Release|Any CPU
		{99FEEA20-C93B-0972-A8F0-7A9F0EE7B152}.Release|Any CPU.Build.0 = Release|Any CPU
	EndGlobalSection
	GlobalSection(SolutionProperties) = preSolution
		HideSolutionNode = FALSE
	EndGlobalSection
	GlobalSection(ExtensibilityGlobals) = postSolution
		SolutionGuid = {FA6B1FCB-FA50-4D96-9112-FEAFC30B7EE6}
	EndGlobalSection
EndGlobal
